
Microsoft Visual Studio Solution File, Format Version 12.00
# Visual Studio Version 17
VisualStudioVersion = 17.7.34024.191
MinimumVisualStudioVersion = 10.0.40219.1
Project("{FAE04EC0-301F-11D3-BF4B-00C04F79EFBC}") = "JWT_Authentication", "JWT_Authentication\JWT_Authentication.csproj", "{DF4234C6-93F9-43E7-A317-1191588A73EC}"
EndProject
Global
	GlobalSection(SolutionConfigurationPlatforms) = preSolution
		Debug|Any CPU = Debug|Any CPU
		Release|Any CPU = Release|Any CPU
	EndGlobalSection
	GlobalSection(ProjectConfigurationPlatforms) = postSolution
		{DF4234C6-93F9-43E7-A317-1191588A73EC}.Debug|Any CPU.ActiveCfg = Debug|Any CPU
		{DF4234C6-93F9-43E7-A317-1191588A73EC}.Debug|Any CPU.Build.0 = Debug|Any CPU
		{DF4234C6-93F9-43E7-A317-1191588A73EC}.Release|Any CPU.ActiveCfg = Release|Any CPU
		{DF4234C6-93F9-43E7-A317-1191588A73EC}.Release|Any CPU.Build.0 = Release|Any CPU
	EndGlobalSection
	GlobalSection(SolutionProperties) = preSolution
		HideSolutionNode = FALSE
	EndGlobalSection
	GlobalSection(ExtensibilityGlobals) = postSolution
		SolutionGuid = {29EF1A29-0A4E-44CD-81EA-A715488463A1}
	EndGlobalSection
EndGlobal
